
Microsoft Visual Studio Solution File, Format Version 12.00
# Visual Studio Version 17
VisualStudioVersion = 17.5.002.0
MinimumVisualStudioVersion = 10.0.40219.1
Project("{2150E333-8FDC-42A3-9474-1A3956D46DE8}") = "sandbox", "sandbox", "{022D3835-D178-4A1B-BAFD-475AFCEDA1D7}"
EndProject
Project("{9A19103F-16F7-4668-BE54-9A1E7A4F7556}") = "sandbox_project", "sandbox\sandbox_project\sandbox_project.csproj", "{E1F94A25-ABC5-4393-8E9B-C8C359D6A236}"
EndProject
Project("{2150E333-8FDC-42A3-9474-1A3956D46DE8}") = "week01", "week01", "{04EA2905-CC37-4BD6-9E09-771B5B7F6964}"
EndProject
Project("{9A19103F-16F7-4668-BE54-9A1E7A4F7556}") = "analyze", "week01\analyze\analyze.csproj", "{AE514CAB-5C07-444F-8F31-2F531AC39D9E}"
EndProject
Project("{9A19103F-16F7-4668-BE54-9A1E7A4F7556}") = "code", "week01\code\code.csproj", "{BCD93B99-7C53-48B2-8AE1-129B24DA7489}"
EndProject
Project("{9A19103F-16F7-4668-BE54-9A1E7A4F7556}") = "teach", "week01\teach\teach.csproj", "{4B966148-47B0-45D2-ACA2-A42512C6AAE3}"
EndProject
Project("{2150E333-8FDC-42A3-9474-1A3956D46DE8}") = "week02", "week02", "{41FA9B1C-C9DE-487E-8669-194729082260}"
EndProject
Project("{9A19103F-16F7-4668-BE54-9A1E7A4F7556}") = "analyze", "week02\analyze\analyze.csproj", "{B239BE4D-C421-4EBD-801B-1CD4816AD766}"
EndProject
Project("{9A19103F-16F7-4668-BE54-9A1E7A4F7556}") = "code", "week02\code\code.csproj", "{6AB0BAE0-E5AC-48EE-A64D-9AF975436D3F}"
EndProject
Project("{9A19103F-16F7-4668-BE54-9A1E7A4F7556}") = "learn", "week02\learn\learn.csproj", "{6C9AF639-BCC2-441E-851B-8354AD1B9811}"
EndProject
Project("{9A19103F-16F7-4668-BE54-9A1E7A4F7556}") = "teach", "week02\teach\teach.csproj", "{D0C3D555-7B71-4A3C-9808-6BD61F560C34}"
EndProject
Project("{2150E333-8FDC-42A3-9474-1A3956D46DE8}") = "week03", "week03", "{1844B30B-2182-4C36-BA34-53406159BABF}"
EndProject
Project("{9A19103F-16F7-4668-BE54-9A1E7A4F7556}") = "code", "week03\code\code.csproj", "{11513D99-99C7-4391-9B42-69A90030298E}"
EndProject
Project("{9A19103F-16F7-4668-BE54-9A1E7A4F7556}") = "learn", "week03\learn\learn.csproj", "{B978A926-F848-47AD-B3E4-40058324B670}"
EndProject
Project("{9A19103F-16F7-4668-BE54-9A1E7A4F7556}") = "teach", "week03\teach\teach.csproj", "{F54FC5CC-380F-4976-8B4F-3C0E5A80969C}"
EndProject
Project("{2150E333-8FDC-42A3-9474-1A3956D46DE8}") = "week04", "week04", "{3B0AA3C2-5E60-4908-B0E4-83AFBA56E765}"
EndProject
Project("{9A19103F-16F7-4668-BE54-9A1E7A4F7556}") = "code", "week04\code\code.csproj", "{F5B25D13-4002-4E9C-AEED-5B1B7A97E616}"
EndProject
Project("{2150E333-8FDC-42A3-9474-1A3956D46DE8}") = "week05", "week05", "{5AB6052D-22DB-4ABE-B4C9-B9ECBCD07AD9}"
EndProject
Project("{9A19103F-16F7-4668-BE54-9A1E7A4F7556}") = "code", "week05\code\code.csproj", "{C2396B90-0BF4-4E04-8F45-BFC639B71C9E}"
EndProject
Project("{2150E333-8FDC-42A3-9474-1A3956D46DE8}") = "week06", "week06", "{7E10769D-5803-4D5C-97C8-9379E2E37260}"
EndProject
Project("{9A19103F-16F7-4668-BE54-9A1E7A4F7556}") = "code", "week06\code\code.csproj", "{86408F04-FC11-43A6-BE68-5E2C0C3D7400}"
EndProject
Global
	GlobalSection(SolutionConfigurationPlatforms) = preSolution
		Debug|Any CPU = Debug|Any CPU
		Release|Any CPU = Release|Any CPU
	EndGlobalSection
	GlobalSection(ProjectConfigurationPlatforms) = postSolution
		{E1F94A25-ABC5-4393-8E9B-C8C359D6A236}.Debug|Any CPU.ActiveCfg = Debug|Any CPU
		{E1F94A25-ABC5-4393-8E9B-C8C359D6A236}.Debug|Any CPU.Build.0 = Debug|Any CPU
		{E1F94A25-ABC5-4393-8E9B-C8C359D6A236}.Release|Any CPU.ActiveCfg = Release|Any CPU
		{E1F94A25-ABC5-4393-8E9B-C8C359D6A236}.Release|Any CPU.Build.0 = Release|Any CPU
		{AE514CAB-5C07-444F-8F31-2F531AC39D9E}.Debug|Any CPU.ActiveCfg = Debug|Any CPU
		{AE514CAB-5C07-444F-8F31-2F531AC39D9E}.Debug|Any CPU.Build.0 = Debug|Any CPU
		{AE514CAB-5C07-444F-8F31-2F531AC39D9E}.Release|Any CPU.ActiveCfg = Release|Any CPU
		{AE514CAB-5C07-444F-8F31-2F531AC39D9E}.Release|Any CPU.Build.0 = Release|Any CPU
		{BCD93B99-7C53-48B2-8AE1-129B24DA7489}.Debug|Any CPU.ActiveCfg = Debug|Any CPU
		{BCD93B99-7C53-48B2-8AE1-129B24DA7489}.Debug|Any CPU.Build.0 = Debug|Any CPU
		{BCD93B99-7C53-48B2-8AE1-129B24DA7489}.Release|Any CPU.ActiveCfg = Release|Any CPU
		{BCD93B99-7C53-48B2-8AE1-129B24DA7489}.Release|Any CPU.Build.0 = Release|Any CPU
		{4B966148-47B0-45D2-ACA2-A42512C6AAE3}.Debug|Any CPU.ActiveCfg = Debug|Any CPU
		{4B966148-47B0-45D2-ACA2-A42512C6AAE3}.Debug|Any CPU.Build.0 = Debug|Any CPU
		{4B966148-47B0-45D2-ACA2-A42512C6AAE3}.Release|Any CPU.ActiveCfg = Release|Any CPU
		{4B966148-47B0-45D2-ACA2-A42512C6AAE3}.Release|Any CPU.Build.0 = Release|Any CPU
		{B239BE4D-C421-4EBD-801B-1CD4816AD766}.Debug|Any CPU.ActiveCfg = Debug|Any CPU
		{B239BE4D-C421-4EBD-801B-1CD4816AD766}.Debug|Any CPU.Build.0 = Debug|Any CPU
		{B239BE4D-C421-4EBD-801B-1CD4816AD766}.Release|Any CPU.ActiveCfg = Release|Any CPU
		{B239BE4D-C421-4EBD-801B-1CD4816AD766}.Release|Any CPU.Build.0 = Release|Any CPU
		{6AB0BAE0-E5AC-48EE-A64D-9AF975436D3F}.Debug|Any CPU.ActiveCfg = Debug|Any CPU
		{6AB0BAE0-E5AC-48EE-A64D-9AF975436D3F}.Debug|Any CPU.Build.0 = Debug|Any CPU
		{6AB0BAE0-E5AC-48EE-A64D-9AF975436D3F}.Release|Any CPU.ActiveCfg = Release|Any CPU
		{6AB0BAE0-E5AC-48EE-A64D-9AF975436D3F}.Release|Any CPU.Build.0 = Release|Any CPU
		{6C9AF639-BCC2-441E-851B-8354AD1B9811}.Debug|Any CPU.ActiveCfg = Debug|Any CPU
		{6C9AF639-BCC2-441E-851B-8354AD1B9811}.Debug|Any CPU.Build.0 = Debug|Any CPU
		{6C9AF639-BCC2-441E-851B-8354AD1B9811}.Release|Any CPU.ActiveCfg = Release|Any CPU
		{6C9AF639-BCC2-441E-851B-8354AD1B9811}.Release|Any CPU.Build.0 = Release|Any CPU
		{D0C3D555-7B71-4A3C-9808-6BD61F560C34}.Debug|Any CPU.ActiveCfg = Debug|Any CPU
		{D0C3D555-7B71-4A3C-9808-6BD61F560C34}.Debug|Any CPU.Build.0 = Debug|Any CPU
		{D0C3D555-7B71-4A3C-9808-6BD61F560C34}.Release|Any CPU.ActiveCfg = Release|Any CPU
		{D0C3D555-7B71-4A3C-9808-6BD61F560C34}.Release|Any CPU.Build.0 = Release|Any CPU
		{11513D99-99C7-4391-9B42-69A90030298E}.Debug|Any CPU.ActiveCfg = Debug|Any CPU
		{11513D99-99C7-4391-9B42-69A90030298E}.Debug|Any CPU.Build.0 = Debug|Any CPU
		{11513D99-99C7-4391-9B42-69A90030298E}.Release|Any CPU.ActiveCfg = Release|Any CPU
		{11513D99-99C7-4391-9B42-69A90030298E}.Release|Any CPU.Build.0 = Release|Any CPU
		{B978A926-F848-47AD-B3E4-40058324B670}.Debug|Any CPU.ActiveCfg = Debug|Any CPU
		{B978A926-F848-47AD-B3E4-40058324B670}.Debug|Any CPU.Build.0 = Debug|Any CPU
		{B978A926-F848-47AD-B3E4-40058324B670}.Release|Any CPU.ActiveCfg = Release|Any CPU
		{B978A926-F848-47AD-B3E4-40058324B670}.Release|Any CPU.Build.0 = Release|Any CPU
		{F54FC5CC-380F-4976-8B4F-3C0E5A80969C}.Debug|Any CPU.ActiveCfg = Debug|Any CPU
		{F54FC5CC-380F-4976-8B4F-3C0E5A80969C}.Debug|Any CPU.Build.0 = Debug|Any CPU
		{F54FC5CC-380F-4976-8B4F-3C0E5A80969C}.Release|Any CPU.ActiveCfg = Release|Any CPU
		{F54FC5CC-380F-4976-8B4F-3C0E5A80969C}.Release|Any CPU.Build.0 = Release|Any CPU
		{F5B25D13-4002-4E9C-AEED-5B1B7A97E616}.Debug|Any CPU.ActiveCfg = Debug|Any CPU
		{F5B25D13-4002-4E9C-AEED-5B1B7A97E616}.Debug|Any CPU.Build.0 = Debug|Any CPU
		{F5B25D13-4002-4E9C-AEED-5B1B7A97E616}.Release|Any CPU.ActiveCfg = Release|Any CPU
		{F5B25D13-4002-4E9C-AEED-5B1B7A97E616}.Release|Any CPU.Build.0 = Release|Any CPU
		{C2396B90-0BF4-4E04-8F45-BFC639B71C9E}.Debug|Any CPU.ActiveCfg = Debug|Any CPU
		{C2396B90-0BF4-4E04-8F45-BFC639B71C9E}.Debug|Any CPU.Build.0 = Debug|Any CPU
		{C2396B90-0BF4-4E04-8F45-BFC639B71C9E}.Release|Any CPU.ActiveCfg = Release|Any CPU
		{C2396B90-0BF4-4E04-8F45-BFC639B71C9E}.Release|Any CPU.Build.0 = Release|Any CPU
		{86408F04-FC11-43A6-BE68-5E2C0C3D7400}.Debug|Any CPU.ActiveCfg = Debug|Any CPU
		{86408F04-FC11-43A6-BE68-5E2C0C3D7400}.Debug|Any CPU.Build.0 = Debug|Any CPU
		{86408F04-FC11-43A6-BE68-5E2C0C3D7400}.Release|Any CPU.ActiveCfg = Release|Any CPU
		{86408F04-FC11-43A6-BE68-5E2C0C3D7400}.Release|Any CPU.Build.0 = Release|Any CPU
	EndGlobalSection
	GlobalSection(SolutionProperties) = preSolution
		HideSolutionNode = FALSE
	EndGlobalSection
	GlobalSection(NestedProjects) = preSolution
		{E1F94A25-ABC5-4393-8E9B-C8C359D6A236} = {022D3835-D178-4A1B-BAFD-475AFCEDA1D7}
		{AE514CAB-5C07-444F-8F31-2F531AC39D9E} = {04EA2905-CC37-4BD6-9E09-771B5B7F6964}
		{BCD93B99-7C53-48B2-8AE1-129B24DA7489} = {04EA2905-CC37-4BD6-9E09-771B5B7F6964}
		{4B966148-47B0-45D2-ACA2-A42512C6AAE3} = {04EA2905-CC37-4BD6-9E09-771B5B7F6964}
		{B239BE4D-C421-4EBD-801B-1CD4816AD766} = {41FA9B1C-C9DE-487E-8669-194729082260}
		{6AB0BAE0-E5AC-48EE-A64D-9AF975436D3F} = {41FA9B1C-C9DE-487E-8669-194729082260}
		{6C9AF639-BCC2-441E-851B-8354AD1B9811} = {41FA9B1C-C9DE-487E-8669-194729082260}
		{D0C3D555-7B71-4A3C-9808-6BD61F560C34} = {41FA9B1C-C9DE-487E-8669-194729082260}
		{11513D99-99C7-4391-9B42-69A90030298E} = {1844B30B-2182-4C36-BA34-53406159BABF}
		{B978A926-F848-47AD-B3E4-40058324B670} = {1844B30B-2182-4C36-BA34-53406159BABF}
		{F54FC5CC-380F-4976-8B4F-3C0E5A80969C} = {1844B30B-2182-4C36-BA34-53406159BABF}
		{F5B25D13-4002-4E9C-AEED-5B1B7A97E616} = {3B0AA3C2-5E60-4908-B0E4-83AFBA56E765}
		{C2396B90-0BF4-4E04-8F45-BFC639B71C9E} = {5AB6052D-22DB-4ABE-B4C9-B9ECBCD07AD9}
		{86408F04-FC11-43A6-BE68-5E2C0C3D7400} = {7E10769D-5803-4D5C-97C8-9379E2E37260}
	EndGlobalSection
	GlobalSection(ExtensibilityGlobals) = postSolution
		SolutionGuid = {D38255EB-FC70-44B9-8DC6-F86ADF42A802}
	EndGlobalSection
EndGlobal
